
Microsoft Visual Studio Solution File, Format Version 12.00
# Visual Studio Version 16
VisualStudioVersion = 16.0.31729.503
MinimumVisualStudioVersion = 10.0.40219.1
Project("{FAE04EC0-301F-11D3-BF4B-00C04F79EFBC}") = "GL", "GL\GL.csproj", "{8E8D82DF-375E-418D-9BA2-958DB9264131}"
EndProject
Global
	GlobalSection(SolutionConfigurationPlatforms) = preSolution
		Debug|Any CPU = Debug|Any CPU
		Release|Any CPU = Release|Any CPU
	EndGlobalSection
	GlobalSection(ProjectConfigurationPlatforms) = postSolution
		{8E8D82DF-375E-418D-9BA2-958DB9264131}.Debug|Any CPU.ActiveCfg = Debug|Any CPU
		{8E8D82DF-375E-418D-9BA2-958DB9264131}.Debug|Any CPU.Build.0 = Debug|Any CPU
		{8E8D82DF-375E-418D-9BA2-958DB9264131}.Release|Any CPU.ActiveCfg = Release|Any CPU
		{8E8D82DF-375E-418D-9BA2-958DB9264131}.Release|Any CPU.Build.0 = Release|Any CPU
	EndGlobalSection
	GlobalSection(SolutionProperties) = preSolution
		HideSolutionNode = FALSE
	EndGlobalSection
	GlobalSection(ExtensibilityGlobals) = postSolution
		SolutionGuid = {A9905FCD-7845-4F73-BEE4-26D2B9FB48D9}
	EndGlobalSection
EndGlobal
