
Microsoft Visual Studio Solution File, Format Version 12.00
# Visual Studio Version 16
VisualStudioVersion = 16.0.31729.503
MinimumVisualStudioVersion = 10.0.40219.1
Project("{9A19103F-16F7-4668-BE54-9A1E7A4F7556}") = "Thyme40.BLL", "GL\Thyme40.BLL.csproj", "{8E8D82DF-375E-418D-9BA2-958DB9264131}"
EndProject
Project("{FAE04EC0-301F-11D3-BF4B-00C04F79EFBC}") = "Exceptions", "Exceptions\Exceptions.csproj", "{B9220079-0B18-46A3-B0CF-67FACA1E9925}"
EndProject
Global
	GlobalSection(SolutionConfigurationPlatforms) = preSolution
		Debug|Any CPU = Debug|Any CPU
		Release|Any CPU = Release|Any CPU
	EndGlobalSection
	GlobalSection(ProjectConfigurationPlatforms) = postSolution
		{8E8D82DF-375E-418D-9BA2-958DB9264131}.Debug|Any CPU.ActiveCfg = Debug|Any CPU
		{8E8D82DF-375E-418D-9BA2-958DB9264131}.Debug|Any CPU.Build.0 = Debug|Any CPU
		{8E8D82DF-375E-418D-9BA2-958DB9264131}.Release|Any CPU.ActiveCfg = Release|Any CPU
		{8E8D82DF-375E-418D-9BA2-958DB9264131}.Release|Any CPU.Build.0 = Release|Any CPU
		{B9220079-0B18-46A3-B0CF-67FACA1E9925}.Debug|Any CPU.ActiveCfg = Debug|Any CPU
		{B9220079-0B18-46A3-B0CF-67FACA1E9925}.Debug|Any CPU.Build.0 = Debug|Any CPU
		{B9220079-0B18-46A3-B0CF-67FACA1E9925}.Release|Any CPU.ActiveCfg = Release|Any CPU
		{B9220079-0B18-46A3-B0CF-67FACA1E9925}.Release|Any CPU.Build.0 = Release|Any CPU
	EndGlobalSection
	GlobalSection(SolutionProperties) = preSolution
		HideSolutionNode = FALSE
	EndGlobalSection
	GlobalSection(ExtensibilityGlobals) = postSolution
		SolutionGuid = {A9905FCD-7845-4F73-BEE4-26D2B9FB48D9}
	EndGlobalSection
EndGlobal
